// !$*UTF8*$!
{
	archiveVersion = 1;
	classes = {
	};
	objectVersion = 46;
	objects = {

/* Begin PBXBuildFile section */
		846B6FB11C8D2D380067E829 /* main.cpp in Sources */ = {isa = PBXBuildFile; fileRef = 846B6FB01C8D2D380067E829 /* main.cpp */; };
/* End PBXBuildFile section */

/* Begin PBXCopyFilesBuildPhase section */
		846B6FAB1C8D2D380067E829 /* CopyFiles */ = {
			isa = PBXCopyFilesBuildPhase;
			buildActionMask = 2147483647;
			dstPath = /usr/share/man/man1/;
			dstSubfolderSpec = 0;
			files = (
			);
			runOnlyForDeploymentPostprocessing = 1;
		};
/* End PBXCopyFilesBuildPhase section */

/* Begin PBXFileReference section */
		846B6FAD1C8D2D380067E829 /* Object Oriented Chess */ = {isa = PBXFileReference; explicitFileType = "compiled.mach-o.executable"; includeInIndex = 0; path = "Object Oriented Chess"; sourceTree = BUILT_PRODUCTS_DIR; };
		846B6FB01C8D2D380067E829 /* main.cpp */ = {isa = PBXFileReference; lastKnownFileType = sourcecode.cpp.cpp; path = main.cpp; sourceTree = "<group>"; };
		846B6FB71C8D2E450067E829 /* board.h */ = {isa = PBXFileReference; lastKnownFileType = sourcecode.c.h; path = board.h; sourceTree = "<group>"; };
		846B6FB81C8D2EF80067E829 /* chessboard.h */ = {isa = PBXFileReference; lastKnownFileType = sourcecode.c.h; path = chessboard.h; sourceTree = "<group>"; };
		846B6FB91C8D2F280067E829 /* piece.h */ = {isa = PBXFileReference; lastKnownFileType = sourcecode.c.h; path = piece.h; sourceTree = "<group>"; };
		846B6FBB1C8D30110067E829 /* location.h */ = {isa = PBXFileReference; lastKnownFileType = sourcecode.c.h; path = location.h; sourceTree = "<group>"; };
		846B6FBD1C8D30A30067E829 /* chessboardsquare.h */ = {isa = PBXFileReference; lastKnownFileType = sourcecode.c.h; name = chessboardsquare.h; path = ../chessboardsquare.h; sourceTree = "<group>"; };
		846B6FBE1C8D30E00067E829 /* chesspieces.h */ = {isa = PBXFileReference; lastKnownFileType = sourcecode.c.h; path = chesspieces.h; sourceTree = "<group>"; };
		846B6FBF1C8D31030067E829 /* chesspiece.h */ = {isa = PBXFileReference; lastKnownFileType = sourcecode.c.h; path = chesspiece.h; sourceTree = "<group>"; };
/* End PBXFileReference section */

/* Begin PBXFrameworksBuildPhase section */
		846B6FAA1C8D2D380067E829 /* Frameworks */ = {
			isa = PBXFrameworksBuildPhase;
			buildActionMask = 2147483647;
			files = (
			);
			runOnlyForDeploymentPostprocessing = 0;
		};
/* End PBXFrameworksBuildPhase section */

/* Begin PBXGroup section */
		846B6FA41C8D2D370067E829 = {
			isa = PBXGroup;
			children = (
				846B6FAF1C8D2D380067E829 /* Object Oriented Chess */,
				846B6FAE1C8D2D380067E829 /* Products */,
			);
			sourceTree = "<group>";
		};
		846B6FAE1C8D2D380067E829 /* Products */ = {
			isa = PBXGroup;
			children = (
				846B6FAD1C8D2D380067E829 /* Object Oriented Chess */,
			);
			name = Products;
			sourceTree = "<group>";
		};
		846B6FAF1C8D2D380067E829 /* Object Oriented Chess */ = {
			isa = PBXGroup;
			children = (
				846B6FBD1C8D30A30067E829 /* chessboardsquare.h */,
				846B6FB01C8D2D380067E829 /* main.cpp */,
				846B6FBB1C8D30110067E829 /* location.h */,
				846B6FB71C8D2E450067E829 /* board.h */,
				846B6FB81C8D2EF80067E829 /* chessboard.h */,
				846B6FB91C8D2F280067E829 /* piece.h */,
				846B6FBE1C8D30E00067E829 /* chesspieces.h */,
				846B6FBF1C8D31030067E829 /* chesspiece.h */,
			);
			path = "Object Oriented Chess";
			sourceTree = "<group>";
		};
/* End PBXGroup section */

/* Begin PBXNativeTarget section */
		846B6FAC1C8D2D380067E829 /* Object Oriented Chess */ = {
			isa = PBXNativeTarget;
			buildConfigurationList = 846B6FB41C8D2D380067E829 /* Build configuration list for PBXNativeTarget "Object Oriented Chess" */;
			buildPhases = (
				846B6FA91C8D2D380067E829 /* Sources */,
				846B6FAA1C8D2D380067E829 /* Frameworks */,
				846B6FAB1C8D2D380067E829 /* CopyFiles */,
			);
			buildRules = (
			);
			dependencies = (
			);
			name = "Object Oriented Chess";
			productName = "Object Oriented Chess";
			productReference = 846B6FAD1C8D2D380067E829 /* Object Oriented Chess */;
			productType = "com.apple.product-type.tool";
		};
/* End PBXNativeTarget section */

/* Begin PBXProject section */
		846B6FA51C8D2D370067E829 /* Project object */ = {
			isa = PBXProject;
			attributes = {
				LastUpgradeCheck = 0720;
				ORGANIZATIONNAME = "Dan McDaniel";
				TargetAttributes = {
					846B6FAC1C8D2D380067E829 = {
						CreatedOnToolsVersion = 7.2.1;
					};
				};
			};
			buildConfigurationList = 846B6FA81C8D2D370067E829 /* Build configuration list for PBXProject "Object Oriented Chess" */;
			compatibilityVersion = "Xcode 3.2";
			developmentRegion = English;
			hasScannedForEncodings = 0;
			knownRegions = (
				en,
			);
			mainGroup = 846B6FA41C8D2D370067E829;
			productRefGroup = 846B6FAE1C8D2D380067E829 /* Products */;
			projectDirPath = "";
			projectRoot = "";
			targets = (
				846B6FAC1C8D2D380067E829 /* Object Oriented Chess */,
			);
		};
/* End PBXProject section */

/* Begin PBXSourcesBuildPhase section */
		846B6FA91C8D2D380067E829 /* Sources */ = {
			isa = PBXSourcesBuildPhase;
			buildActionMask = 2147483647;
			files = (
				846B6FB11C8D2D380067E829 /* main.cpp in Sources */,
			);
			runOnlyForDeploymentPostprocessing = 0;
		};
/* End PBXSourcesBuildPhase section */

/* Begin XCBuildConfiguration section */
		846B6FB21C8D2D380067E829 /* Debug */ = {
			isa = XCBuildConfiguration;
			buildSettings = {
				ALWAYS_SEARCH_USER_PATHS = NO;
				CLANG_CXX_LANGUAGE_STANDARD = "gnu++0x";
				CLANG_CXX_LIBRARY = "libc++";
				CLANG_ENABLE_MODULES = YES;
				CLANG_ENABLE_OBJC_ARC = YES;
				CLANG_WARN_BOOL_CONVERSION = YES;
				CLANG_WARN_CONSTANT_CONVERSION = YES;
				CLANG_WARN_DIRECT_OBJC_ISA_USAGE = YES_ERROR;
				CLANG_WARN_EMPTY_BODY = YES;
				CLANG_WARN_ENUM_CONVERSION = YES;
				CLANG_WARN_INT_CONVERSION = YES;
				CLANG_WARN_OBJC_ROOT_CLASS = YES_ERROR;
				CLANG_WARN_UNREACHABLE_CODE = YES;
				CLANG_WARN__DUPLICATE_METHOD_MATCH = YES;
				CODE_SIGN_IDENTITY = "-";
				COPY_PHASE_STRIP = NO;
				DEBUG_INFORMATION_FORMAT = dwarf;
				ENABLE_STRICT_OBJC_MSGSEND = YES;
				ENABLE_TESTABILITY = YES;
				GCC_C_LANGUAGE_STANDARD = gnu99;
				GCC_DYNAMIC_NO_PIC = NO;
				GCC_NO_COMMON_BLOCKS = YES;
				GCC_OPTIMIZATION_LEVEL = 0;
				GCC_PREPROCESSOR_DEFINITIONS = (
					"DEBUG=1",
					"$(inherited)",
				);
				GCC_WARN_64_TO_32_BIT_CONVERSION = YES;
				GCC_WARN_ABOUT_RETURN_TYPE = YES_ERROR;
				GCC_WARN_UNDECLARED_SELECTOR = YES;
				GCC_WARN_UNINITIALIZED_AUTOS = YES_AGGRESSIVE;
				GCC_WARN_UNUSED_FUNCTION = YES;
				GCC_WARN_UNUSED_VARIABLE = YES;
				MACOSX_DEPLOYMENT_TARGET = 10.11;
				MTL_ENABLE_DEBUG_INFO = YES;
				ONLY_ACTIVE_ARCH = YES;
				SDKROOT = macosx;
			};
			name = Debug;
		};
		846B6FB31C8D2D380067E829 /* Release */ = {
			isa = XCBuildConfiguration;
			buildSettings = {
				ALWAYS_SEARCH_USER_PATHS = NO;
				CLANG_CXX_LANGUAGE_STANDARD = "gnu++0x";
				CLANG_CXX_LIBRARY = "libc++";
				CLANG_ENABLE_MODULES = YES;
				CLANG_ENABLE_OBJC_ARC = YES;
				CLANG_WARN_BOOL_CONVERSION = YES;
				CLANG_WARN_CONSTANT_CONVERSION = YES;
				CLANG_WARN_DIRECT_OBJC_ISA_USAGE = YES_ERROR;
				CLANG_WARN_EMPTY_BODY = YES;
				CLANG_WARN_ENUM_CONVERSION = YES;
				CLANG_WARN_INT_CONVERSION = YES;
				CLANG_WARN_OBJC_ROOT_CLASS = YES_ERROR;
				CLANG_WARN_UNREACHABLE_CODE = YES;
				CLANG_WARN__DUPLICATE_METHOD_MATCH = YES;
				CODE_SIGN_IDENTITY = "-";
				COPY_PHASE_STRIP = NO;
				DEBUG_INFORMATION_FORMAT = "dwarf-with-dsym";
				ENABLE_NS_ASSERTIONS = NO;
				ENABLE_STRICT_OBJC_MSGSEND = YES;
				GCC_C_LANGUAGE_STANDARD = gnu99;
				GCC_NO_COMMON_BLOCKS = YES;
				GCC_WARN_64_TO_32_BIT_CONVERSION = YES;
				GCC_WARN_ABOUT_RETURN_TYPE = YES_ERROR;
				GCC_WARN_UNDECLARED_SELECTOR = YES;
				GCC_WARN_UNINITIALIZED_AUTOS = YES_AGGRESSIVE;
				GCC_WARN_UNUSED_FUNCTION = YES;
				GCC_WARN_UNUSED_VARIABLE = YES;
				MACOSX_DEPLOYMENT_TARGET = 10.11;
				MTL_ENABLE_DEBUG_INFO = NO;
				SDKROOT = macosx;
			};
			name = Release;
		};
		846B6FB51C8D2D380067E829 /* Debug */ = {
			isa = XCBuildConfiguration;
			buildSettings = {
				PRODUCT_NAME = "$(TARGET_NAME)";
			};
			name = Debug;
		};
		846B6FB61C8D2D380067E829 /* Release */ = {
			isa = XCBuildConfiguration;
			buildSettings = {
				PRODUCT_NAME = "$(TARGET_NAME)";
			};
			name = Release;
		};
/* End XCBuildConfiguration section */

/* Begin XCConfigurationList section */
		846B6FA81C8D2D370067E829 /* Build configuration list for PBXProject "Object Oriented Chess" */ = {
			isa = XCConfigurationList;
			buildConfigurations = (
				846B6FB21C8D2D380067E829 /* Debug */,
				846B6FB31C8D2D380067E829 /* Release */,
			);
			defaultConfigurationIsVisible = 0;
			defaultConfigurationName = Release;
		};
		846B6FB41C8D2D380067E829 /* Build configuration list for PBXNativeTarget "Object Oriented Chess" */ = {
			isa = XCConfigurationList;
			buildConfigurations = (
				846B6FB51C8D2D380067E829 /* Debug */,
				846B6FB61C8D2D380067E829 /* Release */,
			);
			defaultConfigurationIsVisible = 0;
		};
/* End XCConfigurationList section */
	};
	rootObject = 846B6FA51C8D2D370067E829 /* Project object */;
}
